{
  "object": {
    "pins": [
      {
        "package": "Authentication",
        "repositoryURL": "https://github.com/Car-Swaddle/Authentication.git",
        "state": {
          "branch": "master",
          "revision": "3bb729f46187811711094e748394d1fe29b76e71",
          "version": null
        }
      },
      {
        "package": "CarSwaddleNetworkRequest",
        "repositoryURL": "https://github.com/Car-Swaddle/CarSwaddleNetworkRequest.git",
        "state": {
          "branch": "master",
          "revision": "0e90de1b1806f1466efa0eaf5298cda191df35b3",
          "version": null
        }
      },
      {
        "package": "CarSwaddleStore",
        "repositoryURL": "https://github.com/Car-Swaddle/CarSwaddleStore.git",
        "state": {
          "branch": "master",
          "revision": "0be455d8f8308cd66f261729b068ee130ba3e3a1",
          "version": null
        }
      },
      {
        "package": "KeychainAccess",
        "repositoryURL": "https://github.com/kishikawakatsumi/KeychainAccess.git",
        "state": {
          "branch": null,
          "revision": "3d0ea2c0806791abcc5d7f0d9f62f1cfd4a7264d",
          "version": "4.2.0"
        }
      },
      {
        "package": "NetworkRequest",
        "repositoryURL": "https://github.com/Car-Swaddle/NetworkRequest.git",
        "state": {
          "branch": "master",
          "revision": "296de25f7b5f9643bdab625af72593a8e4a77b72",
          "version": null
        }
      }
    ]
  },
  "version": 1
}
