{
  "object": {
    "pins": [
      {
        "package": "Authentication",
        "repositoryURL": "https://github.com/Car-Swaddle/Authentication",
        "state": {
          "branch": "master",
          "revision": "43742146c380cd78a03c43da7905771d732a46c5",
          "version": null
        }
      },
      {
        "package": "CarSwaddleNetworkRequest",
        "repositoryURL": "https://github.com/Car-Swaddle/CarSwaddleNetworkRequest",
        "state": {
          "branch": "master",
          "revision": "7d35261252e011b1e2fd6d41b35892b9445387d2",
          "version": null
        }
      },
      {
        "package": "CarSwaddleStore",
        "repositoryURL": "https://github.com/Car-Swaddle/CarSwaddleStore.git",
        "state": {
          "branch": "master",
          "revision": "0e4a1154ead80445fa1311f6f0f6ed6c9b941524",
          "version": null
        }
      },
      {
        "package": "Disk",
        "repositoryURL": "https://github.com/saoudrizwan/Disk.git",
        "state": {
          "branch": null,
          "revision": "b0cb4fdf23e51849cc2460bdc6de795c3bcca99d",
          "version": "0.6.4"
        }
      },
      {
        "package": "KeychainAccess",
        "repositoryURL": "https://github.com/kishikawakatsumi/KeychainAccess.git",
        "state": {
          "branch": null,
          "revision": "654d52d30f3dd4592e944c3e0bccb53178c992f6",
          "version": "4.2.1"
        }
      },
      {
        "package": "NetworkRequest",
        "repositoryURL": "https://github.com/Car-Swaddle/NetworkRequest",
        "state": {
          "branch": "master",
          "revision": "296de25f7b5f9643bdab625af72593a8e4a77b72",
          "version": null
        }
      }
    ]
  },
  "version": 1
}
