// !$*UTF8*$!
{
	archiveVersion = 1;
	classes = {
	};
	objectVersion = 52;
	objects = {

/* Begin PBXBuildFile section */
		99515A782515F6F70018965D /* Authentication in Frameworks */ = {isa = PBXBuildFile; productRef = 99515A772515F6F70018965D /* Authentication */; };
		99515A7F2515F8790018965D /* CarSwaddleNetworkRequest in Frameworks */ = {isa = PBXBuildFile; productRef = 99515A7E2515F8790018965D /* CarSwaddleNetworkRequest */; };
		9980AA872514B234007A6B31 /* CarSwaddleStore in Frameworks */ = {isa = PBXBuildFile; productRef = 9980AA862514B234007A6B31 /* CarSwaddleStore */; };
		99F79EFE2515C21900998616 /* Disk in Frameworks */ = {isa = PBXBuildFile; productRef = 99F79EFD2515C21900998616 /* Disk */; };
		OBJ_100 /* CouponTests.swift in Sources */ = {isa = PBXBuildFile; fileRef = OBJ_35 /* CouponTests.swift */; };
		OBJ_101 /* FileTests.swift in Sources */ = {isa = PBXBuildFile; fileRef = OBJ_36 /* FileTests.swift */; };
		OBJ_102 /* LoginTestCase.swift in Sources */ = {isa = PBXBuildFile; fileRef = OBJ_37 /* LoginTestCase.swift */; };
		OBJ_103 /* MechanicTests.swift in Sources */ = {isa = PBXBuildFile; fileRef = OBJ_38 /* MechanicTests.swift */; };
		OBJ_104 /* PriceTests.swift in Sources */ = {isa = PBXBuildFile; fileRef = OBJ_39 /* PriceTests.swift */; };
		OBJ_105 /* RegionTests.swift in Sources */ = {isa = PBXBuildFile; fileRef = OBJ_40 /* RegionTests.swift */; };
		OBJ_106 /* ReviewTests.swift in Sources */ = {isa = PBXBuildFile; fileRef = OBJ_41 /* ReviewTests.swift */; };
		OBJ_107 /* StripeTests.swift in Sources */ = {isa = PBXBuildFile; fileRef = OBJ_42 /* StripeTests.swift */; };
		OBJ_108 /* TaxInfoTests.swift in Sources */ = {isa = PBXBuildFile; fileRef = OBJ_43 /* TaxInfoTests.swift */; };
		OBJ_109 /* TemplateTimeSpanTests.swift in Sources */ = {isa = PBXBuildFile; fileRef = OBJ_44 /* TemplateTimeSpanTests.swift */; };
		OBJ_110 /* UserTests.swift in Sources */ = {isa = PBXBuildFile; fileRef = OBJ_45 /* UserTests.swift */; };
		OBJ_111 /* VehicleTests.swift in Sources */ = {isa = PBXBuildFile; fileRef = OBJ_46 /* VehicleTests.swift */; };
		OBJ_112 /* XCTestManifests.swift in Sources */ = {isa = PBXBuildFile; fileRef = OBJ_47 /* XCTestManifests.swift */; };
		OBJ_114 /* CarSwaddleData.framework in Frameworks */ = {isa = PBXBuildFile; fileRef = "CarSwaddleData::CarSwaddleData::Product" /* CarSwaddleData.framework */; };
		OBJ_62 /* Auth.swift in Sources */ = {isa = PBXBuildFile; fileRef = OBJ_11 /* Auth.swift */; };
		OBJ_63 /* Authority+Request.swift in Sources */ = {isa = PBXBuildFile; fileRef = OBJ_12 /* Authority+Request.swift */; };
		OBJ_64 /* AutoService+Request.swift in Sources */ = {isa = PBXBuildFile; fileRef = OBJ_13 /* AutoService+Request.swift */; };
		OBJ_65 /* CarSwaddleNetwork.swift in Sources */ = {isa = PBXBuildFile; fileRef = OBJ_14 /* CarSwaddleNetwork.swift */; };
		OBJ_66 /* Coupon+Request.swift in Sources */ = {isa = PBXBuildFile; fileRef = OBJ_15 /* Coupon+Request.swift */; };
		OBJ_67 /* FileStore.swift in Sources */ = {isa = PBXBuildFile; fileRef = OBJ_16 /* FileStore.swift */; };
		OBJ_68 /* ImageCache.swift in Sources */ = {isa = PBXBuildFile; fileRef = OBJ_17 /* ImageCache.swift */; };
		OBJ_69 /* JSONExtension.swift in Sources */ = {isa = PBXBuildFile; fileRef = OBJ_18 /* JSONExtension.swift */; };
		OBJ_70 /* Mechanic+Requests.swift in Sources */ = {isa = PBXBuildFile; fileRef = OBJ_19 /* Mechanic+Requests.swift */; };
		OBJ_71 /* Price+Request.swift in Sources */ = {isa = PBXBuildFile; fileRef = OBJ_20 /* Price+Request.swift */; };
		OBJ_72 /* Region+Requests.swift in Sources */ = {isa = PBXBuildFile; fileRef = OBJ_21 /* Region+Requests.swift */; };
		OBJ_73 /* Review+Requests.swift in Sources */ = {isa = PBXBuildFile; fileRef = OBJ_22 /* Review+Requests.swift */; };
		OBJ_74 /* Stripe+Requests.swift in Sources */ = {isa = PBXBuildFile; fileRef = OBJ_23 /* Stripe+Requests.swift */; };
		OBJ_75 /* Tax+Request.swift in Sources */ = {isa = PBXBuildFile; fileRef = OBJ_24 /* Tax+Request.swift */; };
		OBJ_76 /* TemplateTimeSpan+Requests.swift in Sources */ = {isa = PBXBuildFile; fileRef = OBJ_25 /* TemplateTimeSpan+Requests.swift */; };
		OBJ_77 /* User+Requests.swift in Sources */ = {isa = PBXBuildFile; fileRef = OBJ_26 /* User+Requests.swift */; };
		OBJ_78 /* Vehicle+Requests.swift in Sources */ = {isa = PBXBuildFile; fileRef = OBJ_27 /* Vehicle+Requests.swift */; };
		OBJ_96 /* AuthTestCase.swift in Sources */ = {isa = PBXBuildFile; fileRef = OBJ_31 /* AuthTestCase.swift */; };
		OBJ_97 /* AuthorityTests.swift in Sources */ = {isa = PBXBuildFile; fileRef = OBJ_32 /* AuthorityTests.swift */; };
		OBJ_98 /* AutoServiceTests.swift in Sources */ = {isa = PBXBuildFile; fileRef = OBJ_33 /* AutoServiceTests.swift */; };
		OBJ_99 /* CarSwaddleDataTests.swift in Sources */ = {isa = PBXBuildFile; fileRef = OBJ_34 /* CarSwaddleDataTests.swift */; };
/* End PBXBuildFile section */

/* Begin PBXContainerItemProxy section */
		99D11CC925149FBF00373E93 /* PBXContainerItemProxy */ = {
			isa = PBXContainerItemProxy;
			containerPortal = OBJ_1 /* Project object */;
			proxyType = 1;
			remoteGlobalIDString = "CarSwaddleData::CarSwaddleData";
			remoteInfo = CarSwaddleData;
		};
/* End PBXContainerItemProxy section */

/* Begin PBXFileReference section */
		998B76262661979000FE4C02 /* Package.swift */ = {isa = PBXFileReference; lastKnownFileType = sourcecode.swift; path = Package.swift; sourceTree = "<group>"; };
		"CarSwaddleData::CarSwaddleData::Product" /* CarSwaddleData.framework */ = {isa = PBXFileReference; explicitFileType = wrapper.framework; path = CarSwaddleData.framework; sourceTree = BUILT_PRODUCTS_DIR; };
		"CarSwaddleData::CarSwaddleDataTests::Product" /* CarSwaddleDataTests.xctest */ = {isa = PBXFileReference; explicitFileType = wrapper.cfbundle; path = CarSwaddleDataTests.xctest; sourceTree = BUILT_PRODUCTS_DIR; };
		OBJ_10 /* Info.plist */ = {isa = PBXFileReference; lastKnownFileType = text.plist.xml; path = Info.plist; sourceTree = "<group>"; };
		OBJ_11 /* Auth.swift */ = {isa = PBXFileReference; lastKnownFileType = sourcecode.swift; path = Auth.swift; sourceTree = "<group>"; };
		OBJ_12 /* Authority+Request.swift */ = {isa = PBXFileReference; lastKnownFileType = sourcecode.swift; path = "Authority+Request.swift"; sourceTree = "<group>"; };
		OBJ_13 /* AutoService+Request.swift */ = {isa = PBXFileReference; lastKnownFileType = sourcecode.swift; path = "AutoService+Request.swift"; sourceTree = "<group>"; };
		OBJ_14 /* CarSwaddleNetwork.swift */ = {isa = PBXFileReference; lastKnownFileType = sourcecode.swift; path = CarSwaddleNetwork.swift; sourceTree = "<group>"; };
		OBJ_15 /* Coupon+Request.swift */ = {isa = PBXFileReference; lastKnownFileType = sourcecode.swift; path = "Coupon+Request.swift"; sourceTree = "<group>"; };
		OBJ_16 /* FileStore.swift */ = {isa = PBXFileReference; lastKnownFileType = sourcecode.swift; path = FileStore.swift; sourceTree = "<group>"; };
		OBJ_17 /* ImageCache.swift */ = {isa = PBXFileReference; lastKnownFileType = sourcecode.swift; path = ImageCache.swift; sourceTree = "<group>"; };
		OBJ_18 /* JSONExtension.swift */ = {isa = PBXFileReference; lastKnownFileType = sourcecode.swift; path = JSONExtension.swift; sourceTree = "<group>"; };
		OBJ_19 /* Mechanic+Requests.swift */ = {isa = PBXFileReference; lastKnownFileType = sourcecode.swift; path = "Mechanic+Requests.swift"; sourceTree = "<group>"; };
		OBJ_20 /* Price+Request.swift */ = {isa = PBXFileReference; lastKnownFileType = sourcecode.swift; path = "Price+Request.swift"; sourceTree = "<group>"; };
		OBJ_21 /* Region+Requests.swift */ = {isa = PBXFileReference; lastKnownFileType = sourcecode.swift; path = "Region+Requests.swift"; sourceTree = "<group>"; };
		OBJ_22 /* Review+Requests.swift */ = {isa = PBXFileReference; lastKnownFileType = sourcecode.swift; path = "Review+Requests.swift"; sourceTree = "<group>"; };
		OBJ_23 /* Stripe+Requests.swift */ = {isa = PBXFileReference; lastKnownFileType = sourcecode.swift; path = "Stripe+Requests.swift"; sourceTree = "<group>"; };
		OBJ_24 /* Tax+Request.swift */ = {isa = PBXFileReference; lastKnownFileType = sourcecode.swift; path = "Tax+Request.swift"; sourceTree = "<group>"; };
		OBJ_25 /* TemplateTimeSpan+Requests.swift */ = {isa = PBXFileReference; lastKnownFileType = sourcecode.swift; path = "TemplateTimeSpan+Requests.swift"; sourceTree = "<group>"; };
		OBJ_26 /* User+Requests.swift */ = {isa = PBXFileReference; lastKnownFileType = sourcecode.swift; path = "User+Requests.swift"; sourceTree = "<group>"; };
		OBJ_27 /* Vehicle+Requests.swift */ = {isa = PBXFileReference; lastKnownFileType = sourcecode.swift; path = "Vehicle+Requests.swift"; sourceTree = "<group>"; };
		OBJ_30 /* Info.plist */ = {isa = PBXFileReference; lastKnownFileType = text.plist.xml; path = Info.plist; sourceTree = "<group>"; };
		OBJ_31 /* AuthTestCase.swift */ = {isa = PBXFileReference; lastKnownFileType = sourcecode.swift; path = AuthTestCase.swift; sourceTree = "<group>"; };
		OBJ_32 /* AuthorityTests.swift */ = {isa = PBXFileReference; lastKnownFileType = sourcecode.swift; path = AuthorityTests.swift; sourceTree = "<group>"; };
		OBJ_33 /* AutoServiceTests.swift */ = {isa = PBXFileReference; lastKnownFileType = sourcecode.swift; path = AutoServiceTests.swift; sourceTree = "<group>"; };
		OBJ_34 /* CarSwaddleDataTests.swift */ = {isa = PBXFileReference; lastKnownFileType = sourcecode.swift; path = CarSwaddleDataTests.swift; sourceTree = "<group>"; };
		OBJ_35 /* CouponTests.swift */ = {isa = PBXFileReference; lastKnownFileType = sourcecode.swift; path = CouponTests.swift; sourceTree = "<group>"; };
		OBJ_36 /* FileTests.swift */ = {isa = PBXFileReference; lastKnownFileType = sourcecode.swift; path = FileTests.swift; sourceTree = "<group>"; };
		OBJ_37 /* LoginTestCase.swift */ = {isa = PBXFileReference; lastKnownFileType = sourcecode.swift; path = LoginTestCase.swift; sourceTree = "<group>"; };
		OBJ_38 /* MechanicTests.swift */ = {isa = PBXFileReference; lastKnownFileType = sourcecode.swift; path = MechanicTests.swift; sourceTree = "<group>"; };
		OBJ_39 /* PriceTests.swift */ = {isa = PBXFileReference; lastKnownFileType = sourcecode.swift; path = PriceTests.swift; sourceTree = "<group>"; };
		OBJ_40 /* RegionTests.swift */ = {isa = PBXFileReference; lastKnownFileType = sourcecode.swift; path = RegionTests.swift; sourceTree = "<group>"; };
		OBJ_41 /* ReviewTests.swift */ = {isa = PBXFileReference; lastKnownFileType = sourcecode.swift; path = ReviewTests.swift; sourceTree = "<group>"; };
		OBJ_42 /* StripeTests.swift */ = {isa = PBXFileReference; lastKnownFileType = sourcecode.swift; path = StripeTests.swift; sourceTree = "<group>"; };
		OBJ_43 /* TaxInfoTests.swift */ = {isa = PBXFileReference; lastKnownFileType = sourcecode.swift; path = TaxInfoTests.swift; sourceTree = "<group>"; };
		OBJ_44 /* TemplateTimeSpanTests.swift */ = {isa = PBXFileReference; lastKnownFileType = sourcecode.swift; path = TemplateTimeSpanTests.swift; sourceTree = "<group>"; };
		OBJ_45 /* UserTests.swift */ = {isa = PBXFileReference; lastKnownFileType = sourcecode.swift; path = UserTests.swift; sourceTree = "<group>"; };
		OBJ_46 /* VehicleTests.swift */ = {isa = PBXFileReference; lastKnownFileType = sourcecode.swift; path = VehicleTests.swift; sourceTree = "<group>"; };
		OBJ_47 /* XCTestManifests.swift */ = {isa = PBXFileReference; lastKnownFileType = sourcecode.swift; path = XCTestManifests.swift; sourceTree = "<group>"; };
		OBJ_52 /* TestHostApp */ = {isa = PBXFileReference; lastKnownFileType = folder; path = TestHostApp; sourceTree = SOURCE_ROOT; };
		OBJ_55 /* README.md */ = {isa = PBXFileReference; lastKnownFileType = net.daringfireball.markdown; path = README.md; sourceTree = "<group>"; };
		OBJ_9 /* CarSwaddleData.h */ = {isa = PBXFileReference; lastKnownFileType = sourcecode.c.h; path = CarSwaddleData.h; sourceTree = "<group>"; };
/* End PBXFileReference section */

/* Begin PBXFrameworksBuildPhase section */
		OBJ_113 /* Frameworks */ = {
			isa = PBXFrameworksBuildPhase;
			buildActionMask = 0;
			files = (
				OBJ_114 /* CarSwaddleData.framework in Frameworks */,
			);
			runOnlyForDeploymentPostprocessing = 0;
		};
		OBJ_79 /* Frameworks */ = {
			isa = PBXFrameworksBuildPhase;
			buildActionMask = 0;
			files = (
				99F79EFE2515C21900998616 /* Disk in Frameworks */,
				99515A7F2515F8790018965D /* CarSwaddleNetworkRequest in Frameworks */,
				99515A782515F6F70018965D /* Authentication in Frameworks */,
				9980AA872514B234007A6B31 /* CarSwaddleStore in Frameworks */,
			);
			runOnlyForDeploymentPostprocessing = 0;
		};
/* End PBXFrameworksBuildPhase section */

/* Begin PBXGroup section */
		OBJ_28 /* Tests */ = {
			isa = PBXGroup;
			children = (
				OBJ_29 /* CarSwaddleDataTests */,
			);
			name = Tests;
			sourceTree = SOURCE_ROOT;
		};
		OBJ_29 /* CarSwaddleDataTests */ = {
			isa = PBXGroup;
			children = (
				OBJ_30 /* Info.plist */,
				OBJ_31 /* AuthTestCase.swift */,
				OBJ_32 /* AuthorityTests.swift */,
				OBJ_33 /* AutoServiceTests.swift */,
				OBJ_34 /* CarSwaddleDataTests.swift */,
				OBJ_35 /* CouponTests.swift */,
				OBJ_36 /* FileTests.swift */,
				OBJ_37 /* LoginTestCase.swift */,
				OBJ_38 /* MechanicTests.swift */,
				OBJ_39 /* PriceTests.swift */,
				OBJ_40 /* RegionTests.swift */,
				OBJ_41 /* ReviewTests.swift */,
				OBJ_42 /* StripeTests.swift */,
				OBJ_43 /* TaxInfoTests.swift */,
				OBJ_44 /* TemplateTimeSpanTests.swift */,
				OBJ_45 /* UserTests.swift */,
				OBJ_46 /* VehicleTests.swift */,
				OBJ_47 /* XCTestManifests.swift */,
			);
			name = CarSwaddleDataTests;
			path = Tests/CarSwaddleDataTests;
			sourceTree = SOURCE_ROOT;
		};
		OBJ_48 /* Products */ = {
			isa = PBXGroup;
			children = (
				"CarSwaddleData::CarSwaddleData::Product" /* CarSwaddleData.framework */,
				"CarSwaddleData::CarSwaddleDataTests::Product" /* CarSwaddleDataTests.xctest */,
			);
			name = Products;
			sourceTree = BUILT_PRODUCTS_DIR;
		};
		OBJ_5 = {
			isa = PBXGroup;
			children = (
				998B76262661979000FE4C02 /* Package.swift */,
				OBJ_7 /* Sources */,
				OBJ_28 /* Tests */,
				OBJ_48 /* Products */,
				OBJ_52 /* TestHostApp */,
				OBJ_55 /* README.md */,
			);
			sourceTree = "<group>";
		};
		OBJ_7 /* Sources */ = {
			isa = PBXGroup;
			children = (
				OBJ_8 /* CarSwaddleData */,
			);
			name = Sources;
			sourceTree = SOURCE_ROOT;
		};
		OBJ_8 /* CarSwaddleData */ = {
			isa = PBXGroup;
			children = (
				OBJ_9 /* CarSwaddleData.h */,
				OBJ_10 /* Info.plist */,
				OBJ_11 /* Auth.swift */,
				OBJ_12 /* Authority+Request.swift */,
				OBJ_13 /* AutoService+Request.swift */,
				OBJ_14 /* CarSwaddleNetwork.swift */,
				OBJ_15 /* Coupon+Request.swift */,
				OBJ_16 /* FileStore.swift */,
				OBJ_17 /* ImageCache.swift */,
				OBJ_18 /* JSONExtension.swift */,
				OBJ_19 /* Mechanic+Requests.swift */,
				OBJ_20 /* Price+Request.swift */,
				OBJ_21 /* Region+Requests.swift */,
				OBJ_22 /* Review+Requests.swift */,
				OBJ_23 /* Stripe+Requests.swift */,
				OBJ_24 /* Tax+Request.swift */,
				OBJ_25 /* TemplateTimeSpan+Requests.swift */,
				OBJ_26 /* User+Requests.swift */,
				OBJ_27 /* Vehicle+Requests.swift */,
			);
			name = CarSwaddleData;
			path = Sources/CarSwaddleData;
			sourceTree = SOURCE_ROOT;
		};
/* End PBXGroup section */

/* Begin PBXNativeTarget section */
		"CarSwaddleData::CarSwaddleData" /* CarSwaddleData */ = {
			isa = PBXNativeTarget;
			buildConfigurationList = OBJ_58 /* Build configuration list for PBXNativeTarget "CarSwaddleData" */;
			buildPhases = (
				OBJ_61 /* Sources */,
				OBJ_79 /* Frameworks */,
			);
			buildRules = (
			);
			dependencies = (
			);
			name = CarSwaddleData;
			packageProductDependencies = (
				9980AA862514B234007A6B31 /* CarSwaddleStore */,
				99F79EFD2515C21900998616 /* Disk */,
				99515A772515F6F70018965D /* Authentication */,
				99515A7E2515F8790018965D /* CarSwaddleNetworkRequest */,
			);
			productName = CarSwaddleData;
			productReference = "CarSwaddleData::CarSwaddleData::Product" /* CarSwaddleData.framework */;
			productType = "com.apple.product-type.framework";
		};
		"CarSwaddleData::CarSwaddleDataTests" /* CarSwaddleDataTests */ = {
			isa = PBXNativeTarget;
			buildConfigurationList = OBJ_92 /* Build configuration list for PBXNativeTarget "CarSwaddleDataTests" */;
			buildPhases = (
				OBJ_95 /* Sources */,
				OBJ_113 /* Frameworks */,
			);
			buildRules = (
			);
			dependencies = (
				OBJ_115 /* PBXTargetDependency */,
			);
			name = CarSwaddleDataTests;
			productName = CarSwaddleDataTests;
			productReference = "CarSwaddleData::CarSwaddleDataTests::Product" /* CarSwaddleDataTests.xctest */;
			productType = "com.apple.product-type.bundle.unit-test";
		};
/* End PBXNativeTarget section */

/* Begin PBXProject section */
		OBJ_1 /* Project object */ = {
			isa = PBXProject;
			attributes = {
				LastSwiftMigration = 9999;
				LastUpgradeCheck = 1200;
			};
			buildConfigurationList = OBJ_2 /* Build configuration list for PBXProject "CarSwaddleData" */;
			compatibilityVersion = "Xcode 3.2";
			developmentRegion = en;
			hasScannedForEncodings = 0;
			knownRegions = (
				en,
				Base,
			);
			mainGroup = OBJ_5;
			packageReferences = (
				9980AA852514B234007A6B31 /* XCRemoteSwiftPackageReference "CarSwaddleStore" */,
				99F79EFC2515C21900998616 /* XCRemoteSwiftPackageReference "Disk" */,
				99515A762515F6F70018965D /* XCRemoteSwiftPackageReference "Authentication" */,
				99515A7D2515F8790018965D /* XCRemoteSwiftPackageReference "CarSwaddleNetworkRequest" */,
			);
			productRefGroup = OBJ_48 /* Products */;
			projectDirPath = "";
			projectRoot = "";
			targets = (
				"CarSwaddleData::CarSwaddleData" /* CarSwaddleData */,
				"CarSwaddleData::CarSwaddleDataTests" /* CarSwaddleDataTests */,
			);
		};
/* End PBXProject section */

/* Begin PBXSourcesBuildPhase section */
		OBJ_61 /* Sources */ = {
			isa = PBXSourcesBuildPhase;
			buildActionMask = 0;
			files = (
				OBJ_62 /* Auth.swift in Sources */,
				OBJ_63 /* Authority+Request.swift in Sources */,
				OBJ_64 /* AutoService+Request.swift in Sources */,
				OBJ_65 /* CarSwaddleNetwork.swift in Sources */,
				OBJ_66 /* Coupon+Request.swift in Sources */,
				OBJ_67 /* FileStore.swift in Sources */,
				OBJ_68 /* ImageCache.swift in Sources */,
				OBJ_69 /* JSONExtension.swift in Sources */,
				OBJ_70 /* Mechanic+Requests.swift in Sources */,
				OBJ_71 /* Price+Request.swift in Sources */,
				OBJ_72 /* Region+Requests.swift in Sources */,
				OBJ_73 /* Review+Requests.swift in Sources */,
				OBJ_74 /* Stripe+Requests.swift in Sources */,
				OBJ_75 /* Tax+Request.swift in Sources */,
				OBJ_76 /* TemplateTimeSpan+Requests.swift in Sources */,
				OBJ_77 /* User+Requests.swift in Sources */,
				OBJ_78 /* Vehicle+Requests.swift in Sources */,
			);
			runOnlyForDeploymentPostprocessing = 0;
		};
		OBJ_95 /* Sources */ = {
			isa = PBXSourcesBuildPhase;
			buildActionMask = 0;
			files = (
				OBJ_96 /* AuthTestCase.swift in Sources */,
				OBJ_97 /* AuthorityTests.swift in Sources */,
				OBJ_98 /* AutoServiceTests.swift in Sources */,
				OBJ_99 /* CarSwaddleDataTests.swift in Sources */,
				OBJ_100 /* CouponTests.swift in Sources */,
				OBJ_101 /* FileTests.swift in Sources */,
				OBJ_102 /* LoginTestCase.swift in Sources */,
				OBJ_103 /* MechanicTests.swift in Sources */,
				OBJ_104 /* PriceTests.swift in Sources */,
				OBJ_105 /* RegionTests.swift in Sources */,
				OBJ_106 /* ReviewTests.swift in Sources */,
				OBJ_107 /* StripeTests.swift in Sources */,
				OBJ_108 /* TaxInfoTests.swift in Sources */,
				OBJ_109 /* TemplateTimeSpanTests.swift in Sources */,
				OBJ_110 /* UserTests.swift in Sources */,
				OBJ_111 /* VehicleTests.swift in Sources */,
				OBJ_112 /* XCTestManifests.swift in Sources */,
			);
			runOnlyForDeploymentPostprocessing = 0;
		};
/* End PBXSourcesBuildPhase section */

/* Begin PBXTargetDependency section */
		OBJ_115 /* PBXTargetDependency */ = {
			isa = PBXTargetDependency;
			target = "CarSwaddleData::CarSwaddleData" /* CarSwaddleData */;
			targetProxy = 99D11CC925149FBF00373E93 /* PBXContainerItemProxy */;
		};
/* End PBXTargetDependency section */

/* Begin XCBuildConfiguration section */
		OBJ_3 /* Debug */ = {
			isa = XCBuildConfiguration;
			buildSettings = {
				CLANG_ENABLE_OBJC_ARC = YES;
				CLANG_WARN_BLOCK_CAPTURE_AUTORELEASING = YES;
				CLANG_WARN_BOOL_CONVERSION = YES;
				CLANG_WARN_COMMA = YES;
				CLANG_WARN_CONSTANT_CONVERSION = YES;
				CLANG_WARN_DEPRECATED_OBJC_IMPLEMENTATIONS = YES;
				CLANG_WARN_EMPTY_BODY = YES;
				CLANG_WARN_ENUM_CONVERSION = YES;
				CLANG_WARN_INFINITE_RECURSION = YES;
				CLANG_WARN_INT_CONVERSION = YES;
				CLANG_WARN_NON_LITERAL_NULL_CONVERSION = YES;
				CLANG_WARN_OBJC_IMPLICIT_RETAIN_SELF = YES;
				CLANG_WARN_OBJC_LITERAL_CONVERSION = YES;
				CLANG_WARN_QUOTED_INCLUDE_IN_FRAMEWORK_HEADER = YES;
				CLANG_WARN_RANGE_LOOP_ANALYSIS = YES;
				CLANG_WARN_STRICT_PROTOTYPES = YES;
				CLANG_WARN_SUSPICIOUS_MOVE = YES;
				CLANG_WARN_UNREACHABLE_CODE = YES;
				CLANG_WARN__DUPLICATE_METHOD_MATCH = YES;
				COMBINE_HIDPI_IMAGES = YES;
				COPY_PHASE_STRIP = NO;
				DEBUG_INFORMATION_FORMAT = dwarf;
				DYLIB_INSTALL_NAME_BASE = "@rpath";
				ENABLE_NS_ASSERTIONS = YES;
				ENABLE_STRICT_OBJC_MSGSEND = YES;
				ENABLE_TESTABILITY = YES;
				GCC_NO_COMMON_BLOCKS = YES;
				GCC_OPTIMIZATION_LEVEL = 0;
				GCC_PREPROCESSOR_DEFINITIONS = (
					"$(inherited)",
					"SWIFT_PACKAGE=1",
					"DEBUG=1",
				);
				GCC_WARN_64_TO_32_BIT_CONVERSION = YES;
				GCC_WARN_ABOUT_RETURN_TYPE = YES;
				GCC_WARN_UNDECLARED_SELECTOR = YES;
				GCC_WARN_UNINITIALIZED_AUTOS = YES;
				GCC_WARN_UNUSED_FUNCTION = YES;
				GCC_WARN_UNUSED_VARIABLE = YES;
				IPHONEOS_DEPLOYMENT_TARGET = 13.0;
				MACOSX_DEPLOYMENT_TARGET = 10.10;
				ONLY_ACTIVE_ARCH = YES;
				OTHER_SWIFT_FLAGS = "$(inherited) -DXcode";
				PRODUCT_NAME = "$(TARGET_NAME)";
				SDKROOT = macosx;
				SUPPORTED_PLATFORMS = "macosx iphoneos iphonesimulator appletvos appletvsimulator watchos watchsimulator";
				SWIFT_ACTIVE_COMPILATION_CONDITIONS = "$(inherited) SWIFT_PACKAGE DEBUG";
				SWIFT_OPTIMIZATION_LEVEL = "-Onone";
				USE_HEADERMAP = NO;
			};
			name = Debug;
		};
		OBJ_4 /* Release */ = {
			isa = XCBuildConfiguration;
			buildSettings = {
				CLANG_ENABLE_OBJC_ARC = YES;
				CLANG_WARN_BLOCK_CAPTURE_AUTORELEASING = YES;
				CLANG_WARN_BOOL_CONVERSION = YES;
				CLANG_WARN_COMMA = YES;
				CLANG_WARN_CONSTANT_CONVERSION = YES;
				CLANG_WARN_DEPRECATED_OBJC_IMPLEMENTATIONS = YES;
				CLANG_WARN_EMPTY_BODY = YES;
				CLANG_WARN_ENUM_CONVERSION = YES;
				CLANG_WARN_INFINITE_RECURSION = YES;
				CLANG_WARN_INT_CONVERSION = YES;
				CLANG_WARN_NON_LITERAL_NULL_CONVERSION = YES;
				CLANG_WARN_OBJC_IMPLICIT_RETAIN_SELF = YES;
				CLANG_WARN_OBJC_LITERAL_CONVERSION = YES;
				CLANG_WARN_QUOTED_INCLUDE_IN_FRAMEWORK_HEADER = YES;
				CLANG_WARN_RANGE_LOOP_ANALYSIS = YES;
				CLANG_WARN_STRICT_PROTOTYPES = YES;
				CLANG_WARN_SUSPICIOUS_MOVE = YES;
				CLANG_WARN_UNREACHABLE_CODE = YES;
				CLANG_WARN__DUPLICATE_METHOD_MATCH = YES;
				COMBINE_HIDPI_IMAGES = YES;
				COPY_PHASE_STRIP = YES;
				DEBUG_INFORMATION_FORMAT = "dwarf-with-dsym";
				DYLIB_INSTALL_NAME_BASE = "@rpath";
				ENABLE_STRICT_OBJC_MSGSEND = YES;
				GCC_NO_COMMON_BLOCKS = YES;
				GCC_OPTIMIZATION_LEVEL = s;
				GCC_PREPROCESSOR_DEFINITIONS = (
					"$(inherited)",
					"SWIFT_PACKAGE=1",
				);
				GCC_WARN_64_TO_32_BIT_CONVERSION = YES;
				GCC_WARN_ABOUT_RETURN_TYPE = YES;
				GCC_WARN_UNDECLARED_SELECTOR = YES;
				GCC_WARN_UNINITIALIZED_AUTOS = YES;
				GCC_WARN_UNUSED_FUNCTION = YES;
				GCC_WARN_UNUSED_VARIABLE = YES;
				IPHONEOS_DEPLOYMENT_TARGET = 13.0;
				MACOSX_DEPLOYMENT_TARGET = 10.10;
				OTHER_SWIFT_FLAGS = "$(inherited) -DXcode";
				PRODUCT_NAME = "$(TARGET_NAME)";
				SDKROOT = macosx;
				SUPPORTED_PLATFORMS = "macosx iphoneos iphonesimulator appletvos appletvsimulator watchos watchsimulator";
				SWIFT_ACTIVE_COMPILATION_CONDITIONS = "$(inherited) SWIFT_PACKAGE";
				SWIFT_COMPILATION_MODE = wholemodule;
				SWIFT_OPTIMIZATION_LEVEL = "-O";
				USE_HEADERMAP = NO;
			};
			name = Release;
		};
		OBJ_59 /* Debug */ = {
			isa = XCBuildConfiguration;
			buildSettings = {
				ENABLE_TESTABILITY = YES;
				FRAMEWORK_SEARCH_PATHS = (
					"$(inherited)",
					"$(PLATFORM_DIR)/Developer/Library/Frameworks",
				);
				HEADER_SEARCH_PATHS = "$(inherited)";
				INFOPLIST_FILE = "$(SRCROOT)/Sources/CarSwaddleData/Info.plist";
				IPHONEOS_DEPLOYMENT_TARGET = 13.0;
				LD_RUNPATH_SEARCH_PATHS = (
					"$(inherited)",
					"$(TOOLCHAIN_DIR)/usr/lib/swift/macosx",
				);
				MACOSX_DEPLOYMENT_TARGET = 10.6;
				OTHER_CFLAGS = "$(inherited)";
				OTHER_LDFLAGS = "$(inherited)";
				OTHER_SWIFT_FLAGS = "$(inherited)";
				PRODUCT_BUNDLE_IDENTIFIER = CarSwaddleData;
				PRODUCT_MODULE_NAME = "$(TARGET_NAME:c99extidentifier)";
				PRODUCT_NAME = "$(TARGET_NAME:c99extidentifier)";
				SKIP_INSTALL = YES;
				SWIFT_ACTIVE_COMPILATION_CONDITIONS = "$(inherited)";
				SWIFT_VERSION = 5.0;
				TARGET_NAME = CarSwaddleData;
				TVOS_DEPLOYMENT_TARGET = 12.0;
				WATCHOS_DEPLOYMENT_TARGET = 2.0;
			};
			name = Debug;
		};
		OBJ_60 /* Release */ = {
			isa = XCBuildConfiguration;
			buildSettings = {
				ENABLE_TESTABILITY = YES;
				FRAMEWORK_SEARCH_PATHS = (
					"$(inherited)",
					"$(PLATFORM_DIR)/Developer/Library/Frameworks",
				);
				HEADER_SEARCH_PATHS = "$(inherited)";
				INFOPLIST_FILE = "$(SRCROOT)/Sources/CarSwaddleData/Info.plist";
				IPHONEOS_DEPLOYMENT_TARGET = 13.0;
				LD_RUNPATH_SEARCH_PATHS = (
					"$(inherited)",
					"$(TOOLCHAIN_DIR)/usr/lib/swift/macosx",
				);
				MACOSX_DEPLOYMENT_TARGET = 10.6;
				OTHER_CFLAGS = "$(inherited)";
				OTHER_LDFLAGS = "$(inherited)";
				OTHER_SWIFT_FLAGS = "$(inherited)";
				PRODUCT_BUNDLE_IDENTIFIER = CarSwaddleData;
				PRODUCT_MODULE_NAME = "$(TARGET_NAME:c99extidentifier)";
				PRODUCT_NAME = "$(TARGET_NAME:c99extidentifier)";
				SKIP_INSTALL = YES;
				SWIFT_ACTIVE_COMPILATION_CONDITIONS = "$(inherited)";
				SWIFT_VERSION = 5.0;
				TARGET_NAME = CarSwaddleData;
				TVOS_DEPLOYMENT_TARGET = 12.0;
				WATCHOS_DEPLOYMENT_TARGET = 2.0;
			};
			name = Release;
		};
		OBJ_93 /* Debug */ = {
			isa = XCBuildConfiguration;
			buildSettings = {
				ALWAYS_EMBED_SWIFT_STANDARD_LIBRARIES = YES;
				CLANG_ENABLE_MODULES = YES;
				FRAMEWORK_SEARCH_PATHS = (
					"$(inherited)",
					"$(PLATFORM_DIR)/Developer/Library/Frameworks",
				);
				HEADER_SEARCH_PATHS = "$(inherited)";
				INFOPLIST_FILE = CarSwaddleData.xcodeproj/CarSwaddleDataTests_Info.plist;
				IPHONEOS_DEPLOYMENT_TARGET = 13.0;
				LD_RUNPATH_SEARCH_PATHS = (
					"$(inherited)",
					"@loader_path/../Frameworks",
					"@loader_path/Frameworks",
				);
				MACOSX_DEPLOYMENT_TARGET = 10.15;
				OTHER_CFLAGS = "$(inherited)";
				OTHER_LDFLAGS = "$(inherited)";
				OTHER_SWIFT_FLAGS = "$(inherited)";
				SWIFT_ACTIVE_COMPILATION_CONDITIONS = "$(inherited)";
				SWIFT_VERSION = 5.0;
				TARGET_NAME = CarSwaddleDataTests;
				TVOS_DEPLOYMENT_TARGET = 12.0;
				WATCHOS_DEPLOYMENT_TARGET = 2.0;
			};
			name = Debug;
		};
		OBJ_94 /* Release */ = {
			isa = XCBuildConfiguration;
			buildSettings = {
				ALWAYS_EMBED_SWIFT_STANDARD_LIBRARIES = YES;
				CLANG_ENABLE_MODULES = YES;
				FRAMEWORK_SEARCH_PATHS = (
					"$(inherited)",
					"$(PLATFORM_DIR)/Developer/Library/Frameworks",
				);
				HEADER_SEARCH_PATHS = "$(inherited)";
				INFOPLIST_FILE = CarSwaddleData.xcodeproj/CarSwaddleDataTests_Info.plist;
				IPHONEOS_DEPLOYMENT_TARGET = 13.0;
				LD_RUNPATH_SEARCH_PATHS = (
					"$(inherited)",
					"@loader_path/../Frameworks",
					"@loader_path/Frameworks",
				);
				MACOSX_DEPLOYMENT_TARGET = 10.15;
				OTHER_CFLAGS = "$(inherited)";
				OTHER_LDFLAGS = "$(inherited)";
				OTHER_SWIFT_FLAGS = "$(inherited)";
				SWIFT_ACTIVE_COMPILATION_CONDITIONS = "$(inherited)";
				SWIFT_VERSION = 5.0;
				TARGET_NAME = CarSwaddleDataTests;
				TVOS_DEPLOYMENT_TARGET = 12.0;
				WATCHOS_DEPLOYMENT_TARGET = 2.0;
			};
			name = Release;
		};
/* End XCBuildConfiguration section */

/* Begin XCConfigurationList section */
		OBJ_2 /* Build configuration list for PBXProject "CarSwaddleData" */ = {
			isa = XCConfigurationList;
			buildConfigurations = (
				OBJ_3 /* Debug */,
				OBJ_4 /* Release */,
			);
			defaultConfigurationIsVisible = 0;
			defaultConfigurationName = Release;
		};
		OBJ_58 /* Build configuration list for PBXNativeTarget "CarSwaddleData" */ = {
			isa = XCConfigurationList;
			buildConfigurations = (
				OBJ_59 /* Debug */,
				OBJ_60 /* Release */,
			);
			defaultConfigurationIsVisible = 0;
			defaultConfigurationName = Release;
		};
		OBJ_92 /* Build configuration list for PBXNativeTarget "CarSwaddleDataTests" */ = {
			isa = XCConfigurationList;
			buildConfigurations = (
				OBJ_93 /* Debug */,
				OBJ_94 /* Release */,
			);
			defaultConfigurationIsVisible = 0;
			defaultConfigurationName = Release;
		};
/* End XCConfigurationList section */

/* Begin XCRemoteSwiftPackageReference section */
		99515A762515F6F70018965D /* XCRemoteSwiftPackageReference "Authentication" */ = {
			isa = XCRemoteSwiftPackageReference;
			repositoryURL = "https://github.com/Car-Swaddle/Authentication";
			requirement = {
				kind = upToNextMajorVersion;
				minimumVersion = 2.0.0;
			};
		};
		99515A7D2515F8790018965D /* XCRemoteSwiftPackageReference "CarSwaddleNetworkRequest" */ = {
			isa = XCRemoteSwiftPackageReference;
			repositoryURL = "https://github.com/Car-Swaddle/CarSwaddleNetworkRequest";
			requirement = {
				kind = upToNextMajorVersion;
				minimumVersion = 2.0.0;
			};
		};
		9980AA852514B234007A6B31 /* XCRemoteSwiftPackageReference "CarSwaddleStore" */ = {
			isa = XCRemoteSwiftPackageReference;
			repositoryURL = "https://github.com/Car-Swaddle/CarSwaddleStore.git";
			requirement = {
				kind = upToNextMajorVersion;
				minimumVersion = 2.0.0;
			};
		};
		99F79EFC2515C21900998616 /* XCRemoteSwiftPackageReference "Disk" */ = {
			isa = XCRemoteSwiftPackageReference;
			repositoryURL = "https://github.com/saoudrizwan/Disk.git";
			requirement = {
				kind = upToNextMajorVersion;
				minimumVersion = 0.6.4;
			};
		};
/* End XCRemoteSwiftPackageReference section */

/* Begin XCSwiftPackageProductDependency section */
		99515A772515F6F70018965D /* Authentication */ = {
			isa = XCSwiftPackageProductDependency;
			package = 99515A762515F6F70018965D /* XCRemoteSwiftPackageReference "Authentication" */;
			productName = Authentication;
		};
		99515A7E2515F8790018965D /* CarSwaddleNetworkRequest */ = {
			isa = XCSwiftPackageProductDependency;
			package = 99515A7D2515F8790018965D /* XCRemoteSwiftPackageReference "CarSwaddleNetworkRequest" */;
			productName = CarSwaddleNetworkRequest;
		};
		9980AA862514B234007A6B31 /* CarSwaddleStore */ = {
			isa = XCSwiftPackageProductDependency;
			package = 9980AA852514B234007A6B31 /* XCRemoteSwiftPackageReference "CarSwaddleStore" */;
			productName = CarSwaddleStore;
		};
		99F79EFD2515C21900998616 /* Disk */ = {
			isa = XCSwiftPackageProductDependency;
			package = 99F79EFC2515C21900998616 /* XCRemoteSwiftPackageReference "Disk" */;
			productName = Disk;
		};
/* End XCSwiftPackageProductDependency section */
	};
	rootObject = OBJ_1 /* Project object */;
}
